// !$*UTF8*$!
{
	archiveVersion = 1;
	classes = {
	};
	objectVersion = 48;
	objects = {

/* Begin PBXBuildFile section */
		DBD6E7A71F6B54D700C6C2FD /* main.swift in Sources */ = {isa = PBXBuildFile; fileRef = DBD6E7A61F6B54D700C6C2FD /* main.swift */; };
		DBDCDC0F1F6DC2DA0081D528 /* SemVerParser.swift in Sources */ = {isa = PBXBuildFile; fileRef = DBDCDC0E1F6DC2DA0081D528 /* SemVerParser.swift */; };
		DBDCDC171F6DC4110081D528 /* dependency_managerTests.swift in Sources */ = {isa = PBXBuildFile; fileRef = DBDCDC161F6DC4110081D528 /* dependency_managerTests.swift */; };
		DBDCDC1C1F6DC6910081D528 /* SemVerParser.swift in Sources */ = {isa = PBXBuildFile; fileRef = DBDCDC0E1F6DC2DA0081D528 /* SemVerParser.swift */; };
		DBDCDC1E1F6E10640081D528 /* ScannerExtension.swift in Sources */ = {isa = PBXBuildFile; fileRef = DBDCDC1D1F6E10640081D528 /* ScannerExtension.swift */; };
		DBDCDC1F1F6E10640081D528 /* ScannerExtension.swift in Sources */ = {isa = PBXBuildFile; fileRef = DBDCDC1D1F6E10640081D528 /* ScannerExtension.swift */; };
/* End PBXBuildFile section */

/* Begin PBXCopyFilesBuildPhase section */
		DBD6E7A11F6B54D600C6C2FD /* CopyFiles */ = {
			isa = PBXCopyFilesBuildPhase;
			buildActionMask = 2147483647;
			dstPath = /usr/share/man/man1/;
			dstSubfolderSpec = 0;
			files = (
			);
			runOnlyForDeploymentPostprocessing = 1;
		};
/* End PBXCopyFilesBuildPhase section */

/* Begin PBXFileReference section */
		DBD6E7A31F6B54D700C6C2FD /* dm */ = {isa = PBXFileReference; explicitFileType = "compiled.mach-o.executable"; includeInIndex = 0; path = dm; sourceTree = BUILT_PRODUCTS_DIR; };
		DBD6E7A61F6B54D700C6C2FD /* main.swift */ = {isa = PBXFileReference; lastKnownFileType = sourcecode.swift; path = main.swift; sourceTree = "<group>"; };
		DBDCDC0E1F6DC2DA0081D528 /* SemVerParser.swift */ = {isa = PBXFileReference; lastKnownFileType = sourcecode.swift; path = SemVerParser.swift; sourceTree = "<group>"; };
		DBDCDC141F6DC4110081D528 /* dependency-managerTests.xctest */ = {isa = PBXFileReference; explicitFileType = wrapper.cfbundle; includeInIndex = 0; path = "dependency-managerTests.xctest"; sourceTree = BUILT_PRODUCTS_DIR; };
		DBDCDC161F6DC4110081D528 /* dependency_managerTests.swift */ = {isa = PBXFileReference; lastKnownFileType = sourcecode.swift; path = dependency_managerTests.swift; sourceTree = "<group>"; };
		DBDCDC181F6DC4110081D528 /* Info.plist */ = {isa = PBXFileReference; lastKnownFileType = text.plist.xml; path = Info.plist; sourceTree = "<group>"; };
		DBDCDC1D1F6E10640081D528 /* ScannerExtension.swift */ = {isa = PBXFileReference; lastKnownFileType = sourcecode.swift; path = ScannerExtension.swift; sourceTree = "<group>"; };
/* End PBXFileReference section */

/* Begin PBXFrameworksBuildPhase section */
		DBD6E7A01F6B54D600C6C2FD /* Frameworks */ = {
			isa = PBXFrameworksBuildPhase;
			buildActionMask = 2147483647;
			files = (
			);
			runOnlyForDeploymentPostprocessing = 0;
		};
		DBDCDC111F6DC4110081D528 /* Frameworks */ = {
			isa = PBXFrameworksBuildPhase;
			buildActionMask = 2147483647;
			files = (
			);
			runOnlyForDeploymentPostprocessing = 0;
		};
/* End PBXFrameworksBuildPhase section */

/* Begin PBXGroup section */
		DBD6E79A1F6B54D600C6C2FD = {
			isa = PBXGroup;
			children = (
				DBD6E7A51F6B54D700C6C2FD /* dependency-manager */,
				DBDCDC151F6DC4110081D528 /* dependency-managerTests */,
				DBD6E7A41F6B54D700C6C2FD /* Products */,
			);
			sourceTree = "<group>";
		};
		DBD6E7A41F6B54D700C6C2FD /* Products */ = {
			isa = PBXGroup;
			children = (
				DBD6E7A31F6B54D700C6C2FD /* dm */,
				DBDCDC141F6DC4110081D528 /* dependency-managerTests.xctest */,
			);
			name = Products;
			sourceTree = "<group>";
		};
		DBD6E7A51F6B54D700C6C2FD /* dependency-manager */ = {
			isa = PBXGroup;
			children = (
				DBD6E7A61F6B54D700C6C2FD /* main.swift */,
				DBDCDC0E1F6DC2DA0081D528 /* SemVerParser.swift */,
				DBDCDC1D1F6E10640081D528 /* ScannerExtension.swift */,
			);
			path = "dependency-manager";
			sourceTree = "<group>";
		};
		DBDCDC151F6DC4110081D528 /* dependency-managerTests */ = {
			isa = PBXGroup;
			children = (
				DBDCDC161F6DC4110081D528 /* dependency_managerTests.swift */,
				DBDCDC181F6DC4110081D528 /* Info.plist */,
			);
			path = "dependency-managerTests";
			sourceTree = "<group>";
		};
/* End PBXGroup section */

/* Begin PBXNativeTarget section */
		DBD6E7A21F6B54D600C6C2FD /* dependency-manager */ = {
			isa = PBXNativeTarget;
			buildConfigurationList = DBD6E7AA1F6B54D700C6C2FD /* Build configuration list for PBXNativeTarget "dependency-manager" */;
			buildPhases = (
				DBD6E79F1F6B54D600C6C2FD /* Sources */,
				DBD6E7A01F6B54D600C6C2FD /* Frameworks */,
				DBD6E7A11F6B54D600C6C2FD /* CopyFiles */,
			);
			buildRules = (
			);
			dependencies = (
			);
			name = "dependency-manager";
			productName = "dependency-manager";
			productReference = DBD6E7A31F6B54D700C6C2FD /* dm */;
			productType = "com.apple.product-type.tool";
		};
		DBDCDC131F6DC4110081D528 /* dependency-managerTests */ = {
			isa = PBXNativeTarget;
			buildConfigurationList = DBDCDC191F6DC4110081D528 /* Build configuration list for PBXNativeTarget "dependency-managerTests" */;
			buildPhases = (
				DBDCDC101F6DC4110081D528 /* Sources */,
				DBDCDC111F6DC4110081D528 /* Frameworks */,
				DBDCDC121F6DC4110081D528 /* Resources */,
			);
			buildRules = (
			);
			dependencies = (
			);
			name = "dependency-managerTests";
			productName = "dependency-managerTests";
			productReference = DBDCDC141F6DC4110081D528 /* dependency-managerTests.xctest */;
			productType = "com.apple.product-type.bundle.unit-test";
		};
/* End PBXNativeTarget section */

/* Begin PBXProject section */
		DBD6E79B1F6B54D600C6C2FD /* Project object */ = {
			isa = PBXProject;
			attributes = {
				LastSwiftUpdateCheck = 0900;
				LastUpgradeCheck = 0900;
				ORGANIZATIONNAME = droolingcat.com;
				TargetAttributes = {
					DBD6E7A21F6B54D600C6C2FD = {
						CreatedOnToolsVersion = 9.0;
						ProvisioningStyle = Automatic;
					};
					DBDCDC131F6DC4110081D528 = {
						CreatedOnToolsVersion = 9.0;
						ProvisioningStyle = Automatic;
					};
				};
			};
			buildConfigurationList = DBD6E79E1F6B54D600C6C2FD /* Build configuration list for PBXProject "dependency-manager" */;
			compatibilityVersion = "Xcode 8.0";
			developmentRegion = en;
			hasScannedForEncodings = 0;
			knownRegions = (
				en,
			);
			mainGroup = DBD6E79A1F6B54D600C6C2FD;
			productRefGroup = DBD6E7A41F6B54D700C6C2FD /* Products */;
			projectDirPath = "";
			projectRoot = "";
			targets = (
				DBD6E7A21F6B54D600C6C2FD /* dependency-manager */,
				DBDCDC131F6DC4110081D528 /* dependency-managerTests */,
			);
		};
/* End PBXProject section */

/* Begin PBXResourcesBuildPhase section */
		DBDCDC121F6DC4110081D528 /* Resources */ = {
			isa = PBXResourcesBuildPhase;
			buildActionMask = 2147483647;
			files = (
			);
			runOnlyForDeploymentPostprocessing = 0;
		};
/* End PBXResourcesBuildPhase section */

/* Begin PBXSourcesBuildPhase section */
		DBD6E79F1F6B54D600C6C2FD /* Sources */ = {
			isa = PBXSourcesBuildPhase;
			buildActionMask = 2147483647;
			files = (
				DBDCDC0F1F6DC2DA0081D528 /* SemVerParser.swift in Sources */,
				DBD6E7A71F6B54D700C6C2FD /* main.swift in Sources */,
				DBDCDC1E1F6E10640081D528 /* ScannerExtension.swift in Sources */,
			);
			runOnlyForDeploymentPostprocessing = 0;
		};
		DBDCDC101F6DC4110081D528 /* Sources */ = {
			isa = PBXSourcesBuildPhase;
			buildActionMask = 2147483647;
			files = (
				DBDCDC1C1F6DC6910081D528 /* SemVerParser.swift in Sources */,
				DBDCDC171F6DC4110081D528 /* dependency_managerTests.swift in Sources */,
				DBDCDC1F1F6E10640081D528 /* ScannerExtension.swift in Sources */,
			);
			runOnlyForDeploymentPostprocessing = 0;
		};
/* End PBXSourcesBuildPhase section */

/* Begin XCBuildConfiguration section */
		DBD6E7A81F6B54D700C6C2FD /* Debug */ = {
			isa = XCBuildConfiguration;
			buildSettings = {
				ALWAYS_SEARCH_USER_PATHS = NO;
				CLANG_ANALYZER_NONNULL = YES;
				CLANG_ANALYZER_NUMBER_OBJECT_CONVERSION = YES_AGGRESSIVE;
				CLANG_CXX_LANGUAGE_STANDARD = "gnu++14";
				CLANG_CXX_LIBRARY = "libc++";
				CLANG_ENABLE_MODULES = YES;
				CLANG_ENABLE_OBJC_ARC = YES;
				CLANG_WARN_BLOCK_CAPTURE_AUTORELEASING = YES;
				CLANG_WARN_BOOL_CONVERSION = YES;
				CLANG_WARN_COMMA = YES;
				CLANG_WARN_CONSTANT_CONVERSION = YES;
				CLANG_WARN_DIRECT_OBJC_ISA_USAGE = YES_ERROR;
				CLANG_WARN_DOCUMENTATION_COMMENTS = YES;
				CLANG_WARN_EMPTY_BODY = YES;
				CLANG_WARN_ENUM_CONVERSION = YES;
				CLANG_WARN_INFINITE_RECURSION = YES;
				CLANG_WARN_INT_CONVERSION = YES;
				CLANG_WARN_NON_LITERAL_NULL_CONVERSION = YES;
				CLANG_WARN_OBJC_LITERAL_CONVERSION = YES;
				CLANG_WARN_OBJC_ROOT_CLASS = YES_ERROR;
				CLANG_WARN_RANGE_LOOP_ANALYSIS = YES;
				CLANG_WARN_STRICT_PROTOTYPES = YES;
				CLANG_WARN_SUSPICIOUS_MOVE = YES;
				CLANG_WARN_UNGUARDED_AVAILABILITY = YES_AGGRESSIVE;
				CLANG_WARN_UNREACHABLE_CODE = YES;
				CLANG_WARN__DUPLICATE_METHOD_MATCH = YES;
				CODE_SIGN_IDENTITY = "Mac Developer";
				COPY_PHASE_STRIP = NO;
				DEBUG_INFORMATION_FORMAT = dwarf;
				ENABLE_STRICT_OBJC_MSGSEND = YES;
				ENABLE_TESTABILITY = YES;
				GCC_C_LANGUAGE_STANDARD = gnu11;
				GCC_DYNAMIC_NO_PIC = NO;
				GCC_NO_COMMON_BLOCKS = YES;
				GCC_OPTIMIZATION_LEVEL = 0;
				GCC_PREPROCESSOR_DEFINITIONS = (
					"DEBUG=1",
					"$(inherited)",
				);
				GCC_WARN_64_TO_32_BIT_CONVERSION = YES;
				GCC_WARN_ABOUT_RETURN_TYPE = YES_ERROR;
				GCC_WARN_UNDECLARED_SELECTOR = YES;
				GCC_WARN_UNINITIALIZED_AUTOS = YES_AGGRESSIVE;
				GCC_WARN_UNUSED_FUNCTION = YES;
				GCC_WARN_UNUSED_VARIABLE = YES;
				MACOSX_DEPLOYMENT_TARGET = 10.13;
				MTL_ENABLE_DEBUG_INFO = YES;
				ONLY_ACTIVE_ARCH = YES;
				SDKROOT = macosx;
				SWIFT_ACTIVE_COMPILATION_CONDITIONS = DEBUG;
				SWIFT_OPTIMIZATION_LEVEL = "-Onone";
			};
			name = Debug;
		};
		DBD6E7A91F6B54D700C6C2FD /* Release */ = {
			isa = XCBuildConfiguration;
			buildSettings = {
				ALWAYS_SEARCH_USER_PATHS = NO;
				CLANG_ANALYZER_NONNULL = YES;
				CLANG_ANALYZER_NUMBER_OBJECT_CONVERSION = YES_AGGRESSIVE;
				CLANG_CXX_LANGUAGE_STANDARD = "gnu++14";
				CLANG_CXX_LIBRARY = "libc++";
				CLANG_ENABLE_MODULES = YES;
				CLANG_ENABLE_OBJC_ARC = YES;
				CLANG_WARN_BLOCK_CAPTURE_AUTORELEASING = YES;
				CLANG_WARN_BOOL_CONVERSION = YES;
				CLANG_WARN_COMMA = YES;
				CLANG_WARN_CONSTANT_CONVERSION = YES;
				CLANG_WARN_DIRECT_OBJC_ISA_USAGE = YES_ERROR;
				CLANG_WARN_DOCUMENTATION_COMMENTS = YES;
				CLANG_WARN_EMPTY_BODY = YES;
				CLANG_WARN_ENUM_CONVERSION = YES;
				CLANG_WARN_INFINITE_RECURSION = YES;
				CLANG_WARN_INT_CONVERSION = YES;
				CLANG_WARN_NON_LITERAL_NULL_CONVERSION = YES;
				CLANG_WARN_OBJC_LITERAL_CONVERSION = YES;
				CLANG_WARN_OBJC_ROOT_CLASS = YES_ERROR;
				CLANG_WARN_RANGE_LOOP_ANALYSIS = YES;
				CLANG_WARN_STRICT_PROTOTYPES = YES;
				CLANG_WARN_SUSPICIOUS_MOVE = YES;
				CLANG_WARN_UNGUARDED_AVAILABILITY = YES_AGGRESSIVE;
				CLANG_WARN_UNREACHABLE_CODE = YES;
				CLANG_WARN__DUPLICATE_METHOD_MATCH = YES;
				CODE_SIGN_IDENTITY = "Mac Developer";
				COPY_PHASE_STRIP = NO;
				DEBUG_INFORMATION_FORMAT = "dwarf-with-dsym";
				ENABLE_NS_ASSERTIONS = NO;
				ENABLE_STRICT_OBJC_MSGSEND = YES;
				GCC_C_LANGUAGE_STANDARD = gnu11;
				GCC_NO_COMMON_BLOCKS = YES;
				GCC_WARN_64_TO_32_BIT_CONVERSION = YES;
				GCC_WARN_ABOUT_RETURN_TYPE = YES_ERROR;
				GCC_WARN_UNDECLARED_SELECTOR = YES;
				GCC_WARN_UNINITIALIZED_AUTOS = YES_AGGRESSIVE;
				GCC_WARN_UNUSED_FUNCTION = YES;
				GCC_WARN_UNUSED_VARIABLE = YES;
				MACOSX_DEPLOYMENT_TARGET = 10.13;
				MTL_ENABLE_DEBUG_INFO = NO;
				SDKROOT = macosx;
				SWIFT_OPTIMIZATION_LEVEL = "-Owholemodule";
			};
			name = Release;
		};
		DBD6E7AB1F6B54D700C6C2FD /* Debug */ = {
			isa = XCBuildConfiguration;
			buildSettings = {
				CODE_SIGN_STYLE = Automatic;
				DEVELOPMENT_TEAM = 5886TSL9MF;
				PRODUCT_NAME = dm;
				SWIFT_VERSION = 4.0;
			};
			name = Debug;
		};
		DBD6E7AC1F6B54D700C6C2FD /* Release */ = {
			isa = XCBuildConfiguration;
			buildSettings = {
				CODE_SIGN_STYLE = Automatic;
				DEVELOPMENT_TEAM = 5886TSL9MF;
				PRODUCT_NAME = dm;
				SWIFT_VERSION = 4.0;
			};
			name = Release;
		};
		DBDCDC1A1F6DC4110081D528 /* Debug */ = {
			isa = XCBuildConfiguration;
			buildSettings = {
				CODE_SIGN_STYLE = Automatic;
				COMBINE_HIDPI_IMAGES = YES;
				DEVELOPMENT_TEAM = 5886TSL9MF;
				INFOPLIST_FILE = "dependency-managerTests/Info.plist";
				LD_RUNPATH_SEARCH_PATHS = "$(inherited) @executable_path/../Frameworks @loader_path/../Frameworks";
				PRODUCT_BUNDLE_IDENTIFIER = "com.droolingcat.dependency-managerTests";
				PRODUCT_NAME = "$(TARGET_NAME)";
				SWIFT_VERSION = 4.0;
			};
			name = Debug;
		};
		DBDCDC1B1F6DC4110081D528 /* Release */ = {
			isa = XCBuildConfiguration;
			buildSettings = {
				CODE_SIGN_STYLE = Automatic;
				COMBINE_HIDPI_IMAGES = YES;
				DEVELOPMENT_TEAM = 5886TSL9MF;
				INFOPLIST_FILE = "dependency-managerTests/Info.plist";
				LD_RUNPATH_SEARCH_PATHS = "$(inherited) @executable_path/../Frameworks @loader_path/../Frameworks";
				PRODUCT_BUNDLE_IDENTIFIER = "com.droolingcat.dependency-managerTests";
				PRODUCT_NAME = "$(TARGET_NAME)";
				SWIFT_VERSION = 4.0;
			};
			name = Release;
		};
/* End XCBuildConfiguration section */

/* Begin XCConfigurationList section */
		DBD6E79E1F6B54D600C6C2FD /* Build configuration list for PBXProject "dependency-manager" */ = {
			isa = XCConfigurationList;
			buildConfigurations = (
				DBD6E7A81F6B54D700C6C2FD /* Debug */,
				DBD6E7A91F6B54D700C6C2FD /* Release */,
			);
			defaultConfigurationIsVisible = 0;
			defaultConfigurationName = Release;
		};
		DBD6E7AA1F6B54D700C6C2FD /* Build configuration list for PBXNativeTarget "dependency-manager" */ = {
			isa = XCConfigurationList;
			buildConfigurations = (
				DBD6E7AB1F6B54D700C6C2FD /* Debug */,
				DBD6E7AC1F6B54D700C6C2FD /* Release */,
			);
			defaultConfigurationIsVisible = 0;
			defaultConfigurationName = Release;
		};
		DBDCDC191F6DC4110081D528 /* Build configuration list for PBXNativeTarget "dependency-managerTests" */ = {
			isa = XCConfigurationList;
			buildConfigurations = (
				DBDCDC1A1F6DC4110081D528 /* Debug */,
				DBDCDC1B1F6DC4110081D528 /* Release */,
			);
			defaultConfigurationIsVisible = 0;
			defaultConfigurationName = Release;
		};
/* End XCConfigurationList section */
	};
	rootObject = DBD6E79B1F6B54D600C6C2FD /* Project object */;
}
